
Microsoft Visual Studio Solution File, Format Version 12.00
# Visual Studio 2013
VisualStudioVersion = 12.0.31101.0
MinimumVisualStudioVersion = 10.0.40219.1
Project("{FAE04EC0-301F-11D3-BF4B-00C04F79EFBC}") = "BannyPotter.DBS.Core.Tests", "BannyPotter.DBS.Core.Tests\BannyPotter.DBS.Core.Tests.csproj", "{6CD1AB24-9A7C-4791-8762-765002F659D3}"
EndProject
Project("{FAE04EC0-301F-11D3-BF4B-00C04F79EFBC}") = "BannyPotter.DBS.Core", "BannyPotter.DBS.Core\BannyPotter.DBS.Core.csproj", "{02554F0A-B465-44D9-8F7D-72B130A24982}"
EndProject
Global
	GlobalSection(SolutionConfigurationPlatforms) = preSolution
		Debug|Any CPU = Debug|Any CPU
		Release|Any CPU = Release|Any CPU
	EndGlobalSection
	GlobalSection(ProjectConfigurationPlatforms) = postSolution
		{6CD1AB24-9A7C-4791-8762-765002F659D3}.Debug|Any CPU.ActiveCfg = Debug|Any CPU
		{6CD1AB24-9A7C-4791-8762-765002F659D3}.Debug|Any CPU.Build.0 = Debug|Any CPU
		{6CD1AB24-9A7C-4791-8762-765002F659D3}.Release|Any CPU.ActiveCfg = Release|Any CPU
		{6CD1AB24-9A7C-4791-8762-765002F659D3}.Release|Any CPU.Build.0 = Release|Any CPU
		{02554F0A-B465-44D9-8F7D-72B130A24982}.Debug|Any CPU.ActiveCfg = Debug|Any CPU
		{02554F0A-B465-44D9-8F7D-72B130A24982}.Debug|Any CPU.Build.0 = Debug|Any CPU
		{02554F0A-B465-44D9-8F7D-72B130A24982}.Release|Any CPU.ActiveCfg = Release|Any CPU
		{02554F0A-B465-44D9-8F7D-72B130A24982}.Release|Any CPU.Build.0 = Release|Any CPU
	EndGlobalSection
	GlobalSection(SolutionProperties) = preSolution
		HideSolutionNode = FALSE
	EndGlobalSection
EndGlobal
